<?xml version="1.0" encoding="utf-8"?>
<Project ToolsVersion="4.0" xmlns="http://schemas.microsoft.com/developer/msbuild/2003">
  <ItemGroup>
    <Filter Include="源文件">
      <UniqueIdentifier>{4FC737F1-C7A5-4376-A066-2A32D752A2FF}</UniqueIdentifier>
      <Extensions>cpp;c;cc;cxx;c++;cppm;ixx;def;odl;idl;hpj;bat;asm;asmx</Extensions>
    </Filter>
    <Filter Include="头文件">
      <UniqueIdentifier>{93995380-89BD-4b04-88EB-625FBE52EBFB}</UniqueIdentifier>
      <Extensions>h;hh;hpp;hxx;h++;hm;inl;inc;ipp;xsd</Extensions>
    </Filter>
    <Filter Include="资源文件">
      <UniqueIdentifier>{67DA6AB6-F800-4c08-8B7A-83BB121AAD01}</UniqueIdentifier>
      <Extensions>rc;ico;cur;bmp;dlg;rc2;rct;bin;rgs;gif;jpg;jpeg;jpe;resx;tiff;tif;png;wav;mfcribbon-ms</Extensions>
    </Filter>
    <Filter Include="源文件\01引用">
      <UniqueIdentifier>{4ba974ac-472b-4ef6-8192-248e740e8601}</UniqueIdentifier>
    </Filter>
    <Filter Include="源文件\02Lvalue引用声明符&amp;">
      <UniqueIdentifier>{b0fc3cc5-e8c8-480f-bab4-91cd9de36dd9}</UniqueIdentifier>
    </Filter>
    <Filter Include="源文件\03右值引用声明符">
      <UniqueIdentifier>{aa7c4a6b-52a7-434c-b365-272238381371}</UniqueIdentifier>
    </Filter>
    <Filter Include="源文件\04引用类型函数自变量">
      <UniqueIdentifier>{b2cba3f8-8f39-4eb3-808f-515516d879b2}</UniqueIdentifier>
    </Filter>
    <Filter Include="源文件\05引用类型函数返回">
      <UniqueIdentifier>{059c853e-a7a5-4979-9b80-ea3ec3b4713e}</UniqueIdentifier>
    </Filter>
  </ItemGroup>
  <ItemGroup>
    <ClCompile Include="01引用.cpp">
      <Filter>源文件\01引用</Filter>
    </ClCompile>
    <ClCompile Include="Lvalue 引用声明符.cpp">
      <Filter>源文件\02Lvalue引用声明符&amp;</Filter>
    </ClCompile>
    <ClCompile Include="01完美转发.cpp">
      <Filter>源文件\03右值引用声明符</Filter>
    </ClCompile>
    <ClCompile Include="02右值引用的属性.cpp">
      <Filter>源文件\03右值引用声明符</Filter>
    </ClCompile>
    <ClCompile Include="引用类型函数自变量.cpp">
      <Filter>源文件\04引用类型函数自变量</Filter>
    </ClCompile>
    <ClCompile Include="引用类型的函数返回.cpp">
      <Filter>源文件\05引用类型函数返回</Filter>
    </ClCompile>
  </ItemGroup>
</Project>