<?xml version="1.0" encoding="utf-8"?>
<Project ToolsVersion="4.0" xmlns="http://schemas.microsoft.com/developer/msbuild/2003">
  <ItemGroup>
    <Filter Include="源文件">
      <UniqueIdentifier>{4FC737F1-C7A5-4376-A066-2A32D752A2FF}</UniqueIdentifier>
      <Extensions>cpp;c;cc;cxx;c++;cppm;ixx;def;odl;idl;hpj;bat;asm;asmx</Extensions>
    </Filter>
    <Filter Include="头文件">
      <UniqueIdentifier>{93995380-89BD-4b04-88EB-625FBE52EBFB}</UniqueIdentifier>
      <Extensions>h;hh;hpp;hxx;h++;hm;inl;inc;ipp;xsd</Extensions>
    </Filter>
    <Filter Include="资源文件">
      <UniqueIdentifier>{67DA6AB6-F800-4c08-8B7A-83BB121AAD01}</UniqueIdentifier>
      <Extensions>rc;ico;cur;bmp;dlg;rc2;rct;bin;rgs;gif;jpg;jpeg;jpe;resx;tiff;tif;png;wav;mfcribbon-ms</Extensions>
    </Filter>
    <Filter Include="资源文件\01类和结构">
      <UniqueIdentifier>{2b7c292a-8952-4494-a8cf-c740974e5f09}</UniqueIdentifier>
    </Filter>
    <Filter Include="资源文件\02class">
      <UniqueIdentifier>{301ccd21-e12f-46e5-9238-389bb357ee05}</UniqueIdentifier>
    </Filter>
    <Filter Include="资源文件\03struct">
      <UniqueIdentifier>{05b254b8-5d3f-4d7f-906c-fafbc5d11952}</UniqueIdentifier>
    </Filter>
    <Filter Include="资源文件\04类成员概述">
      <UniqueIdentifier>{91f6d061-95f0-47e5-b9fe-44c0060d43e0}</UniqueIdentifier>
    </Filter>
    <Filter Include="资源文件\05成员访问控制">
      <UniqueIdentifier>{1794d831-1cee-4fa4-806f-61f903e66cab}</UniqueIdentifier>
    </Filter>
    <Filter Include="资源文件\05成员访问控制\01成员访问控制">
      <UniqueIdentifier>{bc93c663-7a54-4a8a-b9f0-03e3991fa1f2}</UniqueIdentifier>
    </Filter>
    <Filter Include="资源文件\05成员访问控制\02友元">
      <UniqueIdentifier>{a41be85e-67cf-4ab8-b20c-2bcfa4eebac7}</UniqueIdentifier>
    </Filter>
    <Filter Include="资源文件\05成员访问控制\03private">
      <UniqueIdentifier>{fdb30eaa-bad2-4031-aab3-ae4e6cb80762}</UniqueIdentifier>
    </Filter>
    <Filter Include="资源文件\05成员访问控制\04protected">
      <UniqueIdentifier>{256b0378-037a-4594-add7-3643fcb9d4f3}</UniqueIdentifier>
    </Filter>
    <Filter Include="资源文件\05成员访问控制\05public">
      <UniqueIdentifier>{9bb1e332-4948-48fa-a228-26ac3add38df}</UniqueIdentifier>
    </Filter>
    <Filter Include="资源文件\06大括号初始化">
      <UniqueIdentifier>{c7b96930-bf71-45e2-951b-a51b7257b38e}</UniqueIdentifier>
    </Filter>
    <Filter Include="资源文件\07对象生存期和资源管理">
      <UniqueIdentifier>{6276987f-e003-4bec-ba0f-3b397210b03c}</UniqueIdentifier>
    </Filter>
    <Filter Include="资源文件\08用于编译时封装的 Pimpl">
      <UniqueIdentifier>{2c87d134-6e4d-4108-b065-5d40af95cfb6}</UniqueIdentifier>
    </Filter>
    <Filter Include="资源文件\09ABI 边界处的可移植性">
      <UniqueIdentifier>{a7c08c82-93b3-4988-badd-83d5dd7c61b2}</UniqueIdentifier>
    </Filter>
    <Filter Include="资源文件\10构造函数">
      <UniqueIdentifier>{18f832df-6c08-4488-b929-7acd1d3932fd}</UniqueIdentifier>
    </Filter>
    <Filter Include="资源文件\10构造函数\01构造函数">
      <UniqueIdentifier>{c853eaa7-9ab0-4559-8881-4be117a6a5ef}</UniqueIdentifier>
    </Filter>
  </ItemGroup>
  <ItemGroup>
    <ClCompile Include="类和结构.cpp">
      <Filter>资源文件\01类和结构</Filter>
    </ClCompile>
    <ClCompile Include="calss.cpp">
      <Filter>资源文件\02class</Filter>
    </ClCompile>
    <ClCompile Include="struct.cpp">
      <Filter>资源文件\03struct</Filter>
    </ClCompile>
    <ClCompile Include="类成员概述.cpp">
      <Filter>资源文件\04类成员概述</Filter>
    </ClCompile>
    <ClCompile Include="按成员初始化.cpp">
      <Filter>资源文件\04类成员概述</Filter>
    </ClCompile>
    <ClCompile Include="01成员访问控制.cpp">
      <Filter>资源文件\05成员访问控制\01成员访问控制</Filter>
    </ClCompile>
    <ClCompile Include="02访问控制和静态成员.cpp">
      <Filter>资源文件\05成员访问控制\01成员访问控制</Filter>
    </ClCompile>
    <ClCompile Include="03对虚函数的访问.cpp">
      <Filter>资源文件\05成员访问控制\01成员访问控制</Filter>
    </ClCompile>
    <ClCompile Include="01友元声明.cpp">
      <Filter>资源文件\05成员访问控制\02友元</Filter>
    </ClCompile>
    <ClCompile Include="02友元函数.cpp">
      <Filter>资源文件\05成员访问控制\02友元</Filter>
    </ClCompile>
    <ClCompile Include="03作为友元的类成员.cpp">
      <Filter>资源文件\05成员访问控制\02友元</Filter>
    </ClCompile>
    <ClCompile Include="private.cpp">
      <Filter>资源文件\05成员访问控制\03private</Filter>
    </ClCompile>
    <ClCompile Include="protected.cpp">
      <Filter>资源文件\05成员访问控制\04protected</Filter>
    </ClCompile>
    <ClCompile Include="public.cpp">
      <Filter>资源文件\05成员访问控制\05public</Filter>
    </ClCompile>
    <ClCompile Include="大括号初始化.cpp">
      <Filter>资源文件\06大括号初始化</Filter>
    </ClCompile>
    <ClCompile Include="对象生存期和资源管理.cpp">
      <Filter>资源文件\07对象生存期和资源管理</Filter>
    </ClCompile>
    <ClCompile Include="my_class.h">
      <Filter>资源文件\08用于编译时封装的 Pimpl</Filter>
    </ClCompile>
    <ClCompile Include="my_class.cpp">
      <Filter>资源文件\08用于编译时封装的 Pimpl</Filter>
    </ClCompile>
    <ClCompile Include="ABI 边界处的可移植性.cpp">
      <Filter>资源文件\09ABI 边界处的可移植性</Filter>
    </ClCompile>
    <ClCompile Include="01构造函数.cpp">
      <Filter>资源文件\10构造函数\01构造函数</Filter>
    </ClCompile>
    <ClCompile Include="02默认构造函数.cpp">
      <Filter>资源文件\10构造函数\01构造函数</Filter>
    </ClCompile>
    <ClCompile Include="03复制构造函数.cpp">
      <Filter>资源文件\10构造函数\01构造函数</Filter>
    </ClCompile>
    <ClCompile Include="04移动构造函数.cpp">
      <Filter>资源文件\10构造函数\01构造函数</Filter>
    </ClCompile>
    <ClCompile Include="05构造顺序.cpp">
      <Filter>资源文件\10构造函数\01构造函数</Filter>
    </ClCompile>
    <ClCompile Include="06派生构造函数和扩展聚合初始化.cpp">
      <Filter>资源文件\10构造函数\01构造函数</Filter>
    </ClCompile>
  </ItemGroup>
</Project>