
Microsoft Visual Studio Solution File, Format Version 12.00
# Visual Studio Version 17
VisualStudioVersion = 17.0.31903.59
MinimumVisualStudioVersion = 10.0.40219.1
Project("{8BC9CEB8-8B4A-11D0-8D11-00A0C91BC942}") = "01Hello World", "01在 Visual Studio 中使用 C++ 生成 Hello World\Hello World\Hello World.vcxproj", "{58EB93B6-7BA8-4F78-9842-9BE3AAE55D44}"
EndProject
Project("{8BC9CEB8-8B4A-11D0-8D11-00A0C91BC942}") = "02司法约定", "02司法约定\司法约定\司法约定.vcxproj", "{80D7EAA4-EA60-47E8-85C3-3D89640C3E8C}"
EndProject
Project("{8BC9CEB8-8B4A-11D0-8D11-00A0C91BC942}") = "03基本概念", "03基本概念\03基本概念\03基本概念.vcxproj", "{94FCF4ED-5B13-4BC5-ACC7-CE89DCA6F780}"
EndProject
Project("{8BC9CEB8-8B4A-11D0-8D11-00A0C91BC942}") = "04内置类型", "04内置类型\04内置类型\04内置类型.vcxproj", "{F6CD9136-5CAB-4583-96A5-3E108B8FC8F0}"
EndProject
Project("{8BC9CEB8-8B4A-11D0-8D11-00A0C91BC942}") = "05声明和定义", "05声明和定义\05声明和定义\05声明和定义.vcxproj", "{0635D727-7CB7-4ADB-BCC6-C6CA2401B31B}"
EndProject
Project("{8BC9CEB8-8B4A-11D0-8D11-00A0C91BC942}") = "06内置运算符and优先级和关联性", "06内置运算符and优先级和关联性\06内置运算符and优先级和关联性.vcxproj", "{5995597C-45C0-421A-AF6A-7B5EEA7BB1B7}"
EndProject
Project("{8BC9CEB8-8B4A-11D0-8D11-00A0C91BC942}") = "07表达式", "07表达式\07表达式.vcxproj", "{3AA53BB0-0FF0-45A2-A43B-9EF8C33F57CD}"
EndProject
Project("{8BC9CEB8-8B4A-11D0-8D11-00A0C91BC942}") = "08语句", "08语句\08语句.vcxproj", "{ADB43D5C-7D9C-478F-9211-19C1236E6FA3}"
EndProject
Global
	GlobalSection(SolutionConfigurationPlatforms) = preSolution
		Debug|x64 = Debug|x64
		Debug|x86 = Debug|x86
		Release|x64 = Release|x64
		Release|x86 = Release|x86
	EndGlobalSection
	GlobalSection(ProjectConfigurationPlatforms) = postSolution
		{58EB93B6-7BA8-4F78-9842-9BE3AAE55D44}.Debug|x64.ActiveCfg = Debug|x64
		{58EB93B6-7BA8-4F78-9842-9BE3AAE55D44}.Debug|x64.Build.0 = Debug|x64
		{58EB93B6-7BA8-4F78-9842-9BE3AAE55D44}.Debug|x86.ActiveCfg = Debug|Win32
		{58EB93B6-7BA8-4F78-9842-9BE3AAE55D44}.Debug|x86.Build.0 = Debug|Win32
		{58EB93B6-7BA8-4F78-9842-9BE3AAE55D44}.Release|x64.ActiveCfg = Release|x64
		{58EB93B6-7BA8-4F78-9842-9BE3AAE55D44}.Release|x64.Build.0 = Release|x64
		{58EB93B6-7BA8-4F78-9842-9BE3AAE55D44}.Release|x86.ActiveCfg = Release|Win32
		{58EB93B6-7BA8-4F78-9842-9BE3AAE55D44}.Release|x86.Build.0 = Release|Win32
		{80D7EAA4-EA60-47E8-85C3-3D89640C3E8C}.Debug|x64.ActiveCfg = Debug|x64
		{80D7EAA4-EA60-47E8-85C3-3D89640C3E8C}.Debug|x64.Build.0 = Debug|x64
		{80D7EAA4-EA60-47E8-85C3-3D89640C3E8C}.Debug|x86.ActiveCfg = Debug|Win32
		{80D7EAA4-EA60-47E8-85C3-3D89640C3E8C}.Debug|x86.Build.0 = Debug|Win32
		{80D7EAA4-EA60-47E8-85C3-3D89640C3E8C}.Release|x64.ActiveCfg = Release|x64
		{80D7EAA4-EA60-47E8-85C3-3D89640C3E8C}.Release|x64.Build.0 = Release|x64
		{80D7EAA4-EA60-47E8-85C3-3D89640C3E8C}.Release|x86.ActiveCfg = Release|Win32
		{80D7EAA4-EA60-47E8-85C3-3D89640C3E8C}.Release|x86.Build.0 = Release|Win32
		{94FCF4ED-5B13-4BC5-ACC7-CE89DCA6F780}.Debug|x64.ActiveCfg = Debug|x64
		{94FCF4ED-5B13-4BC5-ACC7-CE89DCA6F780}.Debug|x64.Build.0 = Debug|x64
		{94FCF4ED-5B13-4BC5-ACC7-CE89DCA6F780}.Debug|x86.ActiveCfg = Debug|Win32
		{94FCF4ED-5B13-4BC5-ACC7-CE89DCA6F780}.Debug|x86.Build.0 = Debug|Win32
		{94FCF4ED-5B13-4BC5-ACC7-CE89DCA6F780}.Release|x64.ActiveCfg = Release|x64
		{94FCF4ED-5B13-4BC5-ACC7-CE89DCA6F780}.Release|x64.Build.0 = Release|x64
		{94FCF4ED-5B13-4BC5-ACC7-CE89DCA6F780}.Release|x86.ActiveCfg = Release|Win32
		{94FCF4ED-5B13-4BC5-ACC7-CE89DCA6F780}.Release|x86.Build.0 = Release|Win32
		{F6CD9136-5CAB-4583-96A5-3E108B8FC8F0}.Debug|x64.ActiveCfg = Debug|x64
		{F6CD9136-5CAB-4583-96A5-3E108B8FC8F0}.Debug|x64.Build.0 = Debug|x64
		{F6CD9136-5CAB-4583-96A5-3E108B8FC8F0}.Debug|x86.ActiveCfg = Debug|Win32
		{F6CD9136-5CAB-4583-96A5-3E108B8FC8F0}.Debug|x86.Build.0 = Debug|Win32
		{F6CD9136-5CAB-4583-96A5-3E108B8FC8F0}.Release|x64.ActiveCfg = Release|x64
		{F6CD9136-5CAB-4583-96A5-3E108B8FC8F0}.Release|x64.Build.0 = Release|x64
		{F6CD9136-5CAB-4583-96A5-3E108B8FC8F0}.Release|x86.ActiveCfg = Release|Win32
		{F6CD9136-5CAB-4583-96A5-3E108B8FC8F0}.Release|x86.Build.0 = Release|Win32
		{0635D727-7CB7-4ADB-BCC6-C6CA2401B31B}.Debug|x64.ActiveCfg = Debug|x64
		{0635D727-7CB7-4ADB-BCC6-C6CA2401B31B}.Debug|x64.Build.0 = Debug|x64
		{0635D727-7CB7-4ADB-BCC6-C6CA2401B31B}.Debug|x86.ActiveCfg = Debug|Win32
		{0635D727-7CB7-4ADB-BCC6-C6CA2401B31B}.Debug|x86.Build.0 = Debug|Win32
		{0635D727-7CB7-4ADB-BCC6-C6CA2401B31B}.Release|x64.ActiveCfg = Release|x64
		{0635D727-7CB7-4ADB-BCC6-C6CA2401B31B}.Release|x64.Build.0 = Release|x64
		{0635D727-7CB7-4ADB-BCC6-C6CA2401B31B}.Release|x86.ActiveCfg = Release|Win32
		{0635D727-7CB7-4ADB-BCC6-C6CA2401B31B}.Release|x86.Build.0 = Release|Win32
		{5995597C-45C0-421A-AF6A-7B5EEA7BB1B7}.Debug|x64.ActiveCfg = Debug|x64
		{5995597C-45C0-421A-AF6A-7B5EEA7BB1B7}.Debug|x64.Build.0 = Debug|x64
		{5995597C-45C0-421A-AF6A-7B5EEA7BB1B7}.Debug|x86.ActiveCfg = Debug|Win32
		{5995597C-45C0-421A-AF6A-7B5EEA7BB1B7}.Debug|x86.Build.0 = Debug|Win32
		{5995597C-45C0-421A-AF6A-7B5EEA7BB1B7}.Release|x64.ActiveCfg = Release|x64
		{5995597C-45C0-421A-AF6A-7B5EEA7BB1B7}.Release|x64.Build.0 = Release|x64
		{5995597C-45C0-421A-AF6A-7B5EEA7BB1B7}.Release|x86.ActiveCfg = Release|Win32
		{5995597C-45C0-421A-AF6A-7B5EEA7BB1B7}.Release|x86.Build.0 = Release|Win32
		{3AA53BB0-0FF0-45A2-A43B-9EF8C33F57CD}.Debug|x64.ActiveCfg = Debug|x64
		{3AA53BB0-0FF0-45A2-A43B-9EF8C33F57CD}.Debug|x64.Build.0 = Debug|x64
		{3AA53BB0-0FF0-45A2-A43B-9EF8C33F57CD}.Debug|x86.ActiveCfg = Debug|Win32
		{3AA53BB0-0FF0-45A2-A43B-9EF8C33F57CD}.Debug|x86.Build.0 = Debug|Win32
		{3AA53BB0-0FF0-45A2-A43B-9EF8C33F57CD}.Release|x64.ActiveCfg = Release|x64
		{3AA53BB0-0FF0-45A2-A43B-9EF8C33F57CD}.Release|x64.Build.0 = Release|x64
		{3AA53BB0-0FF0-45A2-A43B-9EF8C33F57CD}.Release|x86.ActiveCfg = Release|Win32
		{3AA53BB0-0FF0-45A2-A43B-9EF8C33F57CD}.Release|x86.Build.0 = Release|Win32
		{ADB43D5C-7D9C-478F-9211-19C1236E6FA3}.Debug|x64.ActiveCfg = Debug|x64
		{ADB43D5C-7D9C-478F-9211-19C1236E6FA3}.Debug|x64.Build.0 = Debug|x64
		{ADB43D5C-7D9C-478F-9211-19C1236E6FA3}.Debug|x86.ActiveCfg = Debug|Win32
		{ADB43D5C-7D9C-478F-9211-19C1236E6FA3}.Debug|x86.Build.0 = Debug|Win32
		{ADB43D5C-7D9C-478F-9211-19C1236E6FA3}.Release|x64.ActiveCfg = Release|x64
		{ADB43D5C-7D9C-478F-9211-19C1236E6FA3}.Release|x64.Build.0 = Release|x64
		{ADB43D5C-7D9C-478F-9211-19C1236E6FA3}.Release|x86.ActiveCfg = Release|Win32
		{ADB43D5C-7D9C-478F-9211-19C1236E6FA3}.Release|x86.Build.0 = Release|Win32
	EndGlobalSection
	GlobalSection(SolutionProperties) = preSolution
		HideSolutionNode = FALSE
	EndGlobalSection
	GlobalSection(ExtensibilityGlobals) = postSolution
		SolutionGuid = {88A11CD0-DFB9-48CA-B3F5-EC75FB858967}
	EndGlobalSection
EndGlobal
