<?xml version="1.0" encoding="utf-8"?>
<Project ToolsVersion="4.0" xmlns="http://schemas.microsoft.com/developer/msbuild/2003">
  <ItemGroup>
    <Filter Include="源文件">
      <UniqueIdentifier>{4FC737F1-C7A5-4376-A066-2A32D752A2FF}</UniqueIdentifier>
      <Extensions>cpp;c;cc;cxx;c++;cppm;ixx;def;odl;idl;hpj;bat;asm;asmx</Extensions>
    </Filter>
    <Filter Include="头文件">
      <UniqueIdentifier>{93995380-89BD-4b04-88EB-625FBE52EBFB}</UniqueIdentifier>
      <Extensions>h;hh;hpp;hxx;h++;hm;inl;inc;ipp;xsd</Extensions>
    </Filter>
    <Filter Include="资源文件">
      <UniqueIdentifier>{67DA6AB6-F800-4c08-8B7A-83BB121AAD01}</UniqueIdentifier>
      <Extensions>rc;ico;cur;bmp;dlg;rc2;rct;bin;rgs;gif;jpg;jpeg;jpe;resx;tiff;tif;png;wav;mfcribbon-ms</Extensions>
    </Filter>
    <Filter Include="源文件\01alignof 运算符">
      <UniqueIdentifier>{ad1ff3de-4db3-47eb-9eab-6fdf8686c40f}</UniqueIdentifier>
    </Filter>
    <Filter Include="源文件\03加法运算符：+ 和 -">
      <UniqueIdentifier>{0393b99a-b806-4b8f-acb9-179b54877f1c}</UniqueIdentifier>
    </Filter>
    <Filter Include="源文件\02__uuidof 运算符 %3f">
      <UniqueIdentifier>{4ec41b40-e629-4d3c-a0f8-c69b4757788a}</UniqueIdentifier>
    </Filter>
    <Filter Include="源文件\04Address-of 运算符：&amp;">
      <UniqueIdentifier>{e95638bf-ef1e-4dd4-8bcd-270f7e5adcc1}</UniqueIdentifier>
    </Filter>
    <Filter Include="源文件\05赋值运算符">
      <UniqueIdentifier>{7124391e-5a8d-42ed-bc46-21d67a1ffcc6}</UniqueIdentifier>
    </Filter>
    <Filter Include="源文件\06位 AND 运算符： &amp;">
      <UniqueIdentifier>{c3df86ef-d64e-43b2-8737-55ed97f8c3bd}</UniqueIdentifier>
    </Filter>
    <Filter Include="源文件\07按位异或运算符：^">
      <UniqueIdentifier>{eed51b34-bc1a-4762-b31f-891eeb45ec35}</UniqueIdentifier>
    </Filter>
    <Filter Include="源文件\08按位与或运算符： |">
      <UniqueIdentifier>{187b934f-b07a-49b1-a09c-bd8f1803f80a}</UniqueIdentifier>
    </Filter>
    <Filter Include="源文件\09强制转换运算符：%28%29">
      <UniqueIdentifier>{f2e2744c-ae68-443c-8d4c-d82d9c904f5a}</UniqueIdentifier>
    </Filter>
    <Filter Include="源文件\10逗号运算符">
      <UniqueIdentifier>{4e2d6282-530f-4028-ac60-d6a47542ea64}</UniqueIdentifier>
    </Filter>
    <Filter Include="源文件\11条件运算符 %3f ：：">
      <UniqueIdentifier>{b1928f2e-d8bb-41d9-89ce-98fd234b2bdf}</UniqueIdentifier>
    </Filter>
    <Filter Include="源文件\12delete 运算符">
      <UniqueIdentifier>{fdecc079-c2e6-4bd7-9088-6898b2b52598}</UniqueIdentifier>
    </Filter>
    <Filter Include="源文件\13相等运算符：== 和 !=">
      <UniqueIdentifier>{b18596bb-f229-4328-b0b0-f1074f39a558}</UniqueIdentifier>
    </Filter>
    <Filter Include="源文件\14显式类型转换运算符：%28%29">
      <UniqueIdentifier>{b94def9d-6b65-46dc-9b0b-c2e83a171893}</UniqueIdentifier>
    </Filter>
    <Filter Include="源文件\15函数调用运算符：%28%29">
      <UniqueIdentifier>{fe55a2d6-80d3-4e5e-aee8-64d51d23f32e}</UniqueIdentifier>
    </Filter>
    <Filter Include="源文件\16间接寻址运算符：%2a">
      <UniqueIdentifier>{fd455d98-6874-41c5-8043-e4ec36fdafe3}</UniqueIdentifier>
    </Filter>
    <Filter Include="源文件\17左移和右移运算符">
      <UniqueIdentifier>{af23f2d1-8f1d-459b-979e-52d11d0a218c}</UniqueIdentifier>
    </Filter>
    <Filter Include="源文件\18逻辑 AND 运算符： &amp;&amp;">
      <UniqueIdentifier>{8ca874a3-d6fa-412e-a042-a98e2e5e5445}</UniqueIdentifier>
    </Filter>
    <Filter Include="源文件\19逻辑非运算符">
      <UniqueIdentifier>{f92ac065-c278-4a0f-b2fc-616765027e80}</UniqueIdentifier>
    </Filter>
    <Filter Include="源文件\20逻辑 OR 运算符： ||">
      <UniqueIdentifier>{21507790-a52b-4185-b56e-80a160d50e17}</UniqueIdentifier>
    </Filter>
    <Filter Include="源文件\21成员访问运算符：。 与&gt;">
      <UniqueIdentifier>{191308ec-4d04-4588-82fa-b254f8f936b8}</UniqueIdentifier>
    </Filter>
    <Filter Include="源文件\22乘法运算符和取模运算符">
      <UniqueIdentifier>{f3f60cb6-6797-4761-8e9b-73b97d14871a}</UniqueIdentifier>
    </Filter>
    <Filter Include="源文件\23new 运算符">
      <UniqueIdentifier>{c0ab4c47-8243-4a4a-9396-ddc00fc115e9}</UniqueIdentifier>
    </Filter>
    <Filter Include="源文件\24二进制求补运算符：~">
      <UniqueIdentifier>{58cd181e-e51b-4869-bd13-6477b6088752}</UniqueIdentifier>
    </Filter>
    <Filter Include="源文件\25指向成员的指针运算符">
      <UniqueIdentifier>{afe57b35-fb37-4b80-bdb9-d51368012c3c}</UniqueIdentifier>
    </Filter>
    <Filter Include="源文件\26后缀增量和减量运算符：++ 和 --">
      <UniqueIdentifier>{a45ad59e-b4ed-4c7e-89c2-fef34e413cc0}</UniqueIdentifier>
    </Filter>
    <Filter Include="源文件\27前缀增量和减量运算符：++ 和 --">
      <UniqueIdentifier>{de5fd856-a574-45f1-b275-cd0b8242ce4f}</UniqueIdentifier>
    </Filter>
    <Filter Include="源文件\28关系运算符： &lt; 、 &gt; 、 &lt; = 和 &gt;=">
      <UniqueIdentifier>{436d5f28-53e8-40c6-96fd-7dd94bcbfb01}</UniqueIdentifier>
    </Filter>
    <Filter Include="源文件\29作用域解析运算符">
      <UniqueIdentifier>{49bb35b8-c347-4307-961f-c043f09c66e3}</UniqueIdentifier>
    </Filter>
  </ItemGroup>
  <ItemGroup>
    <ClCompile Include="alignof 运算符.cpp">
      <Filter>源文件\01alignof 运算符</Filter>
    </ClCompile>
    <ClCompile Include="__uuidof 运算符.cpp">
      <Filter>源文件\02__uuidof 运算符 %3f</Filter>
    </ClCompile>
    <ClCompile Include="加法运算符：+ 和 -.cpp">
      <Filter>源文件\03加法运算符：+ 和 -</Filter>
    </ClCompile>
    <ClCompile Include="Address-of 运算符and与.cpp">
      <Filter>源文件\04Address-of 运算符：&amp;</Filter>
    </ClCompile>
    <ClCompile Include="赋值运算符.cpp">
      <Filter>源文件\05赋值运算符</Filter>
    </ClCompile>
    <ClCompile Include="位 AND 运算符and与.cpp">
      <Filter>源文件\06位 AND 运算符： &amp;</Filter>
    </ClCompile>
    <ClCompile Include="按位异或运算符.cpp">
      <Filter>源文件\07按位异或运算符：^</Filter>
    </ClCompile>
    <ClCompile Include="按位与或运算符.cpp">
      <Filter>源文件\08按位与或运算符： |</Filter>
    </ClCompile>
    <ClCompile Include="强制转换运算符.cpp">
      <Filter>源文件\09强制转换运算符：%28%29</Filter>
    </ClCompile>
    <ClCompile Include="逗号运算符.cpp">
      <Filter>源文件\10逗号运算符</Filter>
    </ClCompile>
    <ClCompile Include="条件运算符.cpp">
      <Filter>源文件\11条件运算符 %3f ：：</Filter>
    </ClCompile>
    <ClCompile Include="delete 运算符.cpp">
      <Filter>源文件\12delete 运算符</Filter>
    </ClCompile>
    <ClCompile Include="相等运算符：== 和 !=.cpp">
      <Filter>源文件\13相等运算符：== 和 !=</Filter>
    </ClCompile>
    <ClCompile Include="expre_Explicit_Type_Conversion_Operator.cpp">
      <Filter>源文件\14显式类型转换运算符：%28%29</Filter>
    </ClCompile>
    <ClCompile Include="函数调用运算符.cpp">
      <Filter>源文件\15函数调用运算符：%28%29</Filter>
    </ClCompile>
    <ClCompile Include="间接寻址运算符.cpp">
      <Filter>源文件\16间接寻址运算符：%2a</Filter>
    </ClCompile>
    <ClCompile Include="左移和右移运算符.cpp">
      <Filter>源文件\17左移和右移运算符</Filter>
    </ClCompile>
    <ClCompile Include="逻辑 AND 运算符双与cpp.cpp">
      <Filter>源文件\18逻辑 AND 运算符： &amp;&amp;</Filter>
    </ClCompile>
    <ClCompile Include="逻辑非运算符.cpp">
      <Filter>源文件\19逻辑非运算符</Filter>
    </ClCompile>
    <ClCompile Include="逻辑双与或运算符.cpp">
      <Filter>源文件\20逻辑 OR 运算符： ||</Filter>
    </ClCompile>
    <ClCompile Include="成员访问运算符.cpp">
      <Filter>源文件\21成员访问运算符：。 与&gt;</Filter>
    </ClCompile>
    <ClCompile Include="乘法运算符和取模运算符.cpp">
      <Filter>源文件\22乘法运算符和取模运算符</Filter>
    </ClCompile>
    <ClCompile Include="new 运算符.cpp">
      <Filter>源文件\23new 运算符</Filter>
    </ClCompile>
    <ClCompile Include="二进制求补运算符.cpp">
      <Filter>源文件\24二进制求补运算符：~</Filter>
    </ClCompile>
    <ClCompile Include="指向成员的指针运算符.cpp">
      <Filter>源文件\25指向成员的指针运算符</Filter>
    </ClCompile>
    <ClCompile Include="后缀增量和减量运算符.cpp">
      <Filter>源文件\26后缀增量和减量运算符：++ 和 --</Filter>
    </ClCompile>
    <ClCompile Include="前缀增量和减量运算符.cpp">
      <Filter>源文件\27前缀增量和减量运算符：++ 和 --</Filter>
    </ClCompile>
    <ClCompile Include="关系运算符.cpp">
      <Filter>源文件\28关系运算符： &lt; 、 &gt; 、 &lt; = 和 &gt;=</Filter>
    </ClCompile>
    <ClCompile Include="作用域解析运算符.cpp">
      <Filter>源文件\29作用域解析运算符</Filter>
    </ClCompile>
    <ClCompile Include="用于解析运算的静态成员.cpp">
      <Filter>源文件\29作用域解析运算符</Filter>
    </ClCompile>
    <ClCompile Include="用于解析运算作用域枚举.cpp">
      <Filter>源文件\29作用域解析运算符</Filter>
    </ClCompile>
  </ItemGroup>
</Project>