<?xml version="1.0" encoding="utf-8"?>
<Project ToolsVersion="4.0" xmlns="http://schemas.microsoft.com/developer/msbuild/2003">
  <ItemGroup>
    <Filter Include="源文件">
      <UniqueIdentifier>{4FC737F1-C7A5-4376-A066-2A32D752A2FF}</UniqueIdentifier>
      <Extensions>cpp;c;cc;cxx;c++;cppm;ixx;def;odl;idl;hpj;bat;asm;asmx</Extensions>
    </Filter>
    <Filter Include="头文件">
      <UniqueIdentifier>{93995380-89BD-4b04-88EB-625FBE52EBFB}</UniqueIdentifier>
      <Extensions>h;hh;hpp;hxx;h++;hm;inl;inc;ipp;xsd</Extensions>
    </Filter>
    <Filter Include="资源文件">
      <UniqueIdentifier>{67DA6AB6-F800-4c08-8B7A-83BB121AAD01}</UniqueIdentifier>
      <Extensions>rc;ico;cur;bmp;dlg;rc2;rct;bin;rgs;gif;jpg;jpeg;jpe;resx;tiff;tif;png;wav;mfcribbon-ms</Extensions>
    </Filter>
    <Filter Include="源文件\01alignof 运算符">
      <UniqueIdentifier>{ad1ff3de-4db3-47eb-9eab-6fdf8686c40f}</UniqueIdentifier>
    </Filter>
    <Filter Include="源文件\03加法运算符：+ 和 -">
      <UniqueIdentifier>{0393b99a-b806-4b8f-acb9-179b54877f1c}</UniqueIdentifier>
    </Filter>
    <Filter Include="源文件\02__uuidof 运算符 %3f">
      <UniqueIdentifier>{4ec41b40-e629-4d3c-a0f8-c69b4757788a}</UniqueIdentifier>
    </Filter>
    <Filter Include="源文件\04Address-of 运算符：&amp;">
      <UniqueIdentifier>{e95638bf-ef1e-4dd4-8bcd-270f7e5adcc1}</UniqueIdentifier>
    </Filter>
    <Filter Include="源文件\05赋值运算符">
      <UniqueIdentifier>{7124391e-5a8d-42ed-bc46-21d67a1ffcc6}</UniqueIdentifier>
    </Filter>
    <Filter Include="源文件\06位 AND 运算符： &amp;">
      <UniqueIdentifier>{c3df86ef-d64e-43b2-8737-55ed97f8c3bd}</UniqueIdentifier>
    </Filter>
    <Filter Include="源文件\07按位异或运算符：^">
      <UniqueIdentifier>{eed51b34-bc1a-4762-b31f-891eeb45ec35}</UniqueIdentifier>
    </Filter>
    <Filter Include="源文件\08按位与或运算符： |">
      <UniqueIdentifier>{187b934f-b07a-49b1-a09c-bd8f1803f80a}</UniqueIdentifier>
    </Filter>
    <Filter Include="源文件\09强制转换运算符：%28%29">
      <UniqueIdentifier>{f2e2744c-ae68-443c-8d4c-d82d9c904f5a}</UniqueIdentifier>
    </Filter>
    <Filter Include="源文件\10逗号运算符">
      <UniqueIdentifier>{4e2d6282-530f-4028-ac60-d6a47542ea64}</UniqueIdentifier>
    </Filter>
    <Filter Include="源文件\11条件运算符 %3f ：：">
      <UniqueIdentifier>{b1928f2e-d8bb-41d9-89ce-98fd234b2bdf}</UniqueIdentifier>
    </Filter>
    <Filter Include="源文件\12delete 运算符">
      <UniqueIdentifier>{fdecc079-c2e6-4bd7-9088-6898b2b52598}</UniqueIdentifier>
    </Filter>
  </ItemGroup>
  <ItemGroup>
    <ClCompile Include="alignof 运算符.cpp">
      <Filter>源文件\01alignof 运算符</Filter>
    </ClCompile>
    <ClCompile Include="__uuidof 运算符.cpp">
      <Filter>源文件\02__uuidof 运算符 %3f</Filter>
    </ClCompile>
    <ClCompile Include="加法运算符：+ 和 -.cpp">
      <Filter>源文件\03加法运算符：+ 和 -</Filter>
    </ClCompile>
    <ClCompile Include="Address-of 运算符and与.cpp">
      <Filter>源文件\04Address-of 运算符：&amp;</Filter>
    </ClCompile>
    <ClCompile Include="赋值运算符.cpp">
      <Filter>源文件\05赋值运算符</Filter>
    </ClCompile>
    <ClCompile Include="位 AND 运算符and与.cpp">
      <Filter>源文件\06位 AND 运算符： &amp;</Filter>
    </ClCompile>
    <ClCompile Include="按位异或运算符.cpp">
      <Filter>源文件\07按位异或运算符：^</Filter>
    </ClCompile>
    <ClCompile Include="按位与或运算符.cpp">
      <Filter>源文件\08按位与或运算符： |</Filter>
    </ClCompile>
    <ClCompile Include="强制转换运算符.cpp">
      <Filter>源文件\09强制转换运算符：%28%29</Filter>
    </ClCompile>
    <ClCompile Include="逗号运算符.cpp">
      <Filter>源文件\10逗号运算符</Filter>
    </ClCompile>
    <ClCompile Include="条件运算符.cpp">
      <Filter>源文件\11条件运算符 %3f ：：</Filter>
    </ClCompile>
    <ClCompile Include="delete 运算符.cpp">
      <Filter>源文件\12delete 运算符</Filter>
    </ClCompile>
  </ItemGroup>
</Project>