<?xml version="1.0" encoding="utf-8"?>
<Project ToolsVersion="4.0" xmlns="http://schemas.microsoft.com/developer/msbuild/2003">
  <ItemGroup>
    <Filter Include="源文件">
      <UniqueIdentifier>{4FC737F1-C7A5-4376-A066-2A32D752A2FF}</UniqueIdentifier>
      <Extensions>cpp;c;cc;cxx;c++;cppm;ixx;def;odl;idl;hpj;bat;asm;asmx</Extensions>
    </Filter>
    <Filter Include="头文件">
      <UniqueIdentifier>{93995380-89BD-4b04-88EB-625FBE52EBFB}</UniqueIdentifier>
      <Extensions>h;hh;hpp;hxx;h++;hm;inl;inc;ipp;xsd</Extensions>
    </Filter>
    <Filter Include="资源文件">
      <UniqueIdentifier>{67DA6AB6-F800-4c08-8B7A-83BB121AAD01}</UniqueIdentifier>
      <Extensions>rc;ico;cur;bmp;dlg;rc2;rct;bin;rgs;gif;jpg;jpeg;jpe;resx;tiff;tif;png;wav;mfcribbon-ms</Extensions>
    </Filter>
    <Filter Include="源文件\01模板">
      <UniqueIdentifier>{14f450d1-d693-4742-8445-706d09bc5faa}</UniqueIdentifier>
    </Filter>
    <Filter Include="源文件\02typename">
      <UniqueIdentifier>{82da0b56-d9b1-4280-814a-c85c54447548}</UniqueIdentifier>
    </Filter>
    <Filter Include="源文件\03类模板">
      <UniqueIdentifier>{4db159b2-9b86-48c3-8300-b732cf63a8d5}</UniqueIdentifier>
    </Filter>
    <Filter Include="源文件\04函数模板">
      <UniqueIdentifier>{11c44bae-5da4-44f5-a909-164bacf63738}</UniqueIdentifier>
    </Filter>
    <Filter Include="源文件\04函数模板\01函数模板">
      <UniqueIdentifier>{032375db-e6dc-4b19-a77d-faba6b0c09fc}</UniqueIdentifier>
    </Filter>
    <Filter Include="源文件\04函数模板\02函数模板实例化">
      <UniqueIdentifier>{2a382e95-0907-4048-951c-4661b3c2a78a}</UniqueIdentifier>
    </Filter>
    <Filter Include="源文件\04函数模板\03显式实例化">
      <UniqueIdentifier>{954ea2e5-f263-4e21-8197-1c58c69de764}</UniqueIdentifier>
    </Filter>
    <Filter Include="源文件\04函数模板\04函数模板的显式专用化">
      <UniqueIdentifier>{e910e82d-4c91-4be6-8da6-573f8e1f843e}</UniqueIdentifier>
    </Filter>
    <Filter Include="源文件\04函数模板\05函数模板的部分排序">
      <UniqueIdentifier>{27565290-d3f2-4c28-a55f-75a8e10bb67b}</UniqueIdentifier>
    </Filter>
    <Filter Include="源文件\04函数模板\06成员函数模板">
      <UniqueIdentifier>{4e4b507c-3194-4566-98ee-1b8b05e65584}</UniqueIdentifier>
    </Filter>
    <Filter Include="源文件\05模板特殊化">
      <UniqueIdentifier>{b6241a4b-20ab-4835-b870-5f11cf77a9f8}</UniqueIdentifier>
    </Filter>
    <Filter Include="源文件\06模板和名称解析">
      <UniqueIdentifier>{52b5dde6-c3f2-4538-b0e1-f49cb4a5c13c}</UniqueIdentifier>
    </Filter>
    <Filter Include="源文件\06模板和名称解析\01模板和名称解析">
      <UniqueIdentifier>{c2029fe9-3180-4c9d-a374-c6853ad48cbd}</UniqueIdentifier>
    </Filter>
    <Filter Include="源文件\06模板和名称解析\02依赖类型的名称解析">
      <UniqueIdentifier>{66dbb4a7-52ad-4e2a-bf07-42dd194837dc}</UniqueIdentifier>
    </Filter>
    <Filter Include="源文件\06模板和名称解析\03本地声明名称的名称解析">
      <UniqueIdentifier>{fb402f05-efae-42dd-b12f-4751ba4b70ac}</UniqueIdentifier>
    </Filter>
    <Filter Include="源文件\06模板和名称解析\04函数模板调用的重载解析">
      <UniqueIdentifier>{7805f7e7-d87c-41ee-b25a-b0977e4bd1ad}</UniqueIdentifier>
    </Filter>
    <Filter Include="源文件\07源代码组织">
      <UniqueIdentifier>{337541ea-a946-4295-8455-25f39a31ae30}</UniqueIdentifier>
    </Filter>
  </ItemGroup>
  <ItemGroup>
    <ClCompile Include="01定义模板.cpp">
      <Filter>源文件\01模板</Filter>
    </ClCompile>
    <ClCompile Include="02类型参数.cpp">
      <Filter>源文件\01模板</Filter>
    </ClCompile>
    <ClCompile Include="03非类型参数.cpp">
      <Filter>源文件\01模板</Filter>
    </ClCompile>
    <ClCompile Include="04非类型模板参数的类型推导.cpp">
      <Filter>源文件\01模板</Filter>
    </ClCompile>
    <ClCompile Include="05默认模板参数.cpp">
      <Filter>源文件\01模板</Filter>
    </ClCompile>
    <ClCompile Include="06模板特殊化.cpp">
      <Filter>源文件\01模板</Filter>
    </ClCompile>
    <ClCompile Include="typename.cpp">
      <Filter>源文件\02typename</Filter>
    </ClCompile>
    <ClCompile Include="01类模板的成员函数.cpp">
      <Filter>源文件\03类模板</Filter>
    </ClCompile>
    <ClCompile Include="02嵌套类模板.cpp">
      <Filter>源文件\03类模板</Filter>
    </ClCompile>
    <ClCompile Include="03模板朋友.cpp">
      <Filter>源文件\03类模板</Filter>
    </ClCompile>
    <ClCompile Include="04具有模板专用化的友.cpp">
      <Filter>源文件\03类模板</Filter>
    </ClCompile>
    <ClCompile Include="05类模板中声明的友元类模板.cpp">
      <Filter>源文件\03类模板</Filter>
    </ClCompile>
    <ClCompile Include="06重用模板参数.cpp">
      <Filter>源文件\03类模板</Filter>
    </ClCompile>
    <ClCompile Include="01函数模板.cpp">
      <Filter>源文件\04函数模板\01函数模板</Filter>
    </ClCompile>
    <ClCompile Include="函数模板实例化.cpp">
      <Filter>源文件\04函数模板\02函数模板实例化</Filter>
    </ClCompile>
    <ClCompile Include="显式实例化.cpp">
      <Filter>源文件\04函数模板\03显式实例化</Filter>
    </ClCompile>
    <ClCompile Include="函数模板的显式专用化.cpp">
      <Filter>源文件\04函数模板\04函数模板的显式专用化</Filter>
    </ClCompile>
    <ClCompile Include="函数模板的部分排序.cpp">
      <Filter>源文件\04函数模板\05函数模板的部分排序</Filter>
    </ClCompile>
    <ClCompile Include="成员函数模板.cpp">
      <Filter>源文件\04函数模板\06成员函数模板</Filter>
    </ClCompile>
    <ClCompile Include="01类模板的部分专用化.cpp">
      <Filter>源文件\05模板特殊化</Filter>
    </ClCompile>
    <ClCompile Include="02指针类型的部分专用化.cpp">
      <Filter>源文件\05模板特殊化</Filter>
    </ClCompile>
    <ClCompile Include="03定义部分专用化，使一种类型为 int.cpp">
      <Filter>源文件\05模板特殊化</Filter>
    </ClCompile>
    <ClCompile Include="01模板和名称解析.cpp">
      <Filter>源文件\06模板和名称解析\01模板和名称解析</Filter>
    </ClCompile>
    <ClCompile Include="01依赖类型的名称解析.cpp">
      <Filter>源文件\06模板和名称解析\02依赖类型的名称解析</Filter>
    </ClCompile>
    <ClCompile Include="01本地声明名称的名称解析.cpp">
      <Filter>源文件\06模板和名称解析\03本地声明名称的名称解析</Filter>
    </ClCompile>
    <ClCompile Include="02模板参数和对象之间的名称冲突.cpp">
      <Filter>源文件\06模板和名称解析\03本地声明名称的名称解析</Filter>
    </ClCompile>
    <ClCompile Include="03在类模板外部定义成员函数.cpp">
      <Filter>源文件\06模板和名称解析\03本地声明名称的名称解析</Filter>
    </ClCompile>
    <ClCompile Include="04在命名空间外部定义模板或成员函数.cpp">
      <Filter>源文件\06模板和名称解析\03本地声明名称的名称解析</Filter>
    </ClCompile>
    <ClCompile Include="05基类或成员名称隐藏模板参数.cpp">
      <Filter>源文件\06模板和名称解析\03本地声明名称的名称解析</Filter>
    </ClCompile>
    <ClCompile Include="选择非模板函数.cpp">
      <Filter>源文件\06模板和名称解析\04函数模板调用的重载解析</Filter>
    </ClCompile>
    <ClCompile Include="首选完全匹配模板函数.cpp">
      <Filter>源文件\06模板和名称解析\04函数模板调用的重载解析</Filter>
    </ClCompile>
    <ClCompile Include="MyArray.cpp">
      <Filter>源文件\07源代码组织</Filter>
    </ClCompile>
  </ItemGroup>
  <ItemGroup>
    <ClInclude Include="MyArray.h">
      <Filter>源文件\07源代码组织</Filter>
    </ClInclude>
  </ItemGroup>
</Project>