<?xml version="1.0" encoding="utf-8"?>
<Project ToolsVersion="4.0" xmlns="http://schemas.microsoft.com/developer/msbuild/2003">
  <ItemGroup>
    <Filter Include="源文件">
      <UniqueIdentifier>{4FC737F1-C7A5-4376-A066-2A32D752A2FF}</UniqueIdentifier>
      <Extensions>cpp;c;cc;cxx;c++;cppm;ixx;def;odl;idl;hpj;bat;asm;asmx</Extensions>
    </Filter>
    <Filter Include="头文件">
      <UniqueIdentifier>{93995380-89BD-4b04-88EB-625FBE52EBFB}</UniqueIdentifier>
      <Extensions>h;hh;hpp;hxx;h++;hm;inl;inc;ipp;xsd</Extensions>
    </Filter>
    <Filter Include="资源文件">
      <UniqueIdentifier>{67DA6AB6-F800-4c08-8B7A-83BB121AAD01}</UniqueIdentifier>
      <Extensions>rc;ico;cur;bmp;dlg;rc2;rct;bin;rgs;gif;jpg;jpeg;jpe;resx;tiff;tif;png;wav;mfcribbon-ms</Extensions>
    </Filter>
    <Filter Include="源文件\01C++类型系统">
      <UniqueIdentifier>{716e350e-5aea-4b7c-b20f-6e9c68e8042a}</UniqueIdentifier>
    </Filter>
    <Filter Include="源文件\02范围">
      <UniqueIdentifier>{8dc99083-3c39-4a9a-a250-31c3d137e781}</UniqueIdentifier>
    </Filter>
    <Filter Include="源文件\03头文件">
      <UniqueIdentifier>{37e112b4-3d9e-4111-8135-86433e1fe289}</UniqueIdentifier>
    </Filter>
    <Filter Include="源文件\04翻译单元和链接">
      <UniqueIdentifier>{b071868d-6d5f-4bcb-a33f-9d9afc1d201a}</UniqueIdentifier>
    </Filter>
    <Filter Include="源文件\05main 函数和命令行参数">
      <UniqueIdentifier>{0689356f-562a-419b-9270-9ba73a43f327}</UniqueIdentifier>
    </Filter>
    <Filter Include="源文件\05main 函数和命令行参数\命令播放音乐">
      <UniqueIdentifier>{ffcca9e5-1dc2-4034-9e61-28332a2a8e5e}</UniqueIdentifier>
    </Filter>
    <Filter Include="源文件\06 程序终止">
      <UniqueIdentifier>{38224073-f625-474d-9377-511dc6f51764}</UniqueIdentifier>
    </Filter>
    <Filter Include="源文件\07左值和右值">
      <UniqueIdentifier>{f9b00a2e-9390-4d52-a79d-1a7ef7a44561}</UniqueIdentifier>
    </Filter>
    <Filter Include="源文件\08临时对象">
      <UniqueIdentifier>{5bd794b6-cf2c-441c-8f59-ba9651c028c9}</UniqueIdentifier>
    </Filter>
    <Filter Include="源文件\09对齐方式">
      <UniqueIdentifier>{eca4865c-6d23-4121-876e-61fcbfcc5290}</UniqueIdentifier>
    </Filter>
  </ItemGroup>
  <ItemGroup>
    <ClCompile Include="范围.cpp">
      <Filter>源文件\02范围</Filter>
    </ClCompile>
    <ClCompile Include="C++类型系统.cpp">
      <Filter>源文件\01C++类型系统</Filter>
    </ClCompile>
    <ClCompile Include="my_class.cpp">
      <Filter>源文件\03头文件</Filter>
    </ClCompile>
    <ClCompile Include="my_program.cpp">
      <Filter>源文件\03头文件</Filter>
    </ClCompile>
    <ClCompile Include="翻译单元和链接.cpp">
      <Filter>源文件\04翻译单元和链接</Filter>
    </ClCompile>
    <ClCompile Include="main.cpp">
      <Filter>源文件\05main 函数和命令行参数</Filter>
    </ClCompile>
    <ClCompile Include="music.cpp">
      <Filter>源文件\05main 函数和命令行参数\命令播放音乐</Filter>
    </ClCompile>
    <ClCompile Include="using_exit_or_return1.cpp">
      <Filter>源文件\06 程序终止</Filter>
    </ClCompile>
    <ClCompile Include="lvalues_and_rvalues2.cpp">
      <Filter>源文件\07左值和右值</Filter>
    </ClCompile>
    <ClCompile Include="临时对象.cpp">
      <Filter>源文件\08临时对象</Filter>
    </ClCompile>
    <ClCompile Include="数据对齐的编译器处理.cpp">
      <Filter>源文件\09对齐方式</Filter>
    </ClCompile>
  </ItemGroup>
  <ItemGroup>
    <ClInclude Include="my_class.h">
      <Filter>源文件\03头文件</Filter>
    </ClInclude>
    <ClInclude Include="sample.h">
      <Filter>源文件\03头文件</Filter>
    </ClInclude>
  </ItemGroup>
</Project>