<?xml version="1.0" encoding="utf-8"?>
<Project ToolsVersion="4.0" xmlns="http://schemas.microsoft.com/developer/msbuild/2003">
  <ItemGroup>
    <Filter Include="头文件">
      <UniqueIdentifier>{93995380-89BD-4b04-88EB-625FBE52EBFB}</UniqueIdentifier>
      <Extensions>h;hh;hpp;hxx;h++;hm;inl;inc;ipp;xsd</Extensions>
    </Filter>
    <Filter Include="资源文件">
      <UniqueIdentifier>{67DA6AB6-F800-4c08-8B7A-83BB121AAD01}</UniqueIdentifier>
      <Extensions>rc;ico;cur;bmp;dlg;rc2;rct;bin;rgs;gif;jpg;jpeg;jpe;resx;tiff;tif;png;wav;mfcribbon-ms</Extensions>
    </Filter>
    <Filter Include="头文件\源文件">
      <UniqueIdentifier>{4FC737F1-C7A5-4376-A066-2A32D752A2FF}</UniqueIdentifier>
      <Extensions>cpp;c;cc;cxx;c++;cppm;ixx;def;odl;idl;hpj;bat;asm;asmx</Extensions>
    </Filter>
    <Filter Include="头文件\源文件\01语句">
      <UniqueIdentifier>{ba678ec6-becb-4537-9e93-1e5dbfcc5368}</UniqueIdentifier>
    </Filter>
    <Filter Include="头文件\源文件\02C++ 语句概述">
      <UniqueIdentifier>{164eca26-3f4a-4a61-ba16-a7ff40708297}</UniqueIdentifier>
    </Filter>
    <Filter Include="头文件\源文件\03 带标签的语句">
      <UniqueIdentifier>{ba58c891-772e-4ac5-8b8b-b4af71038b9a}</UniqueIdentifier>
    </Filter>
    <Filter Include="头文件\源文件\04表达式语句">
      <UniqueIdentifier>{eb10a152-035f-4d49-836a-2fa35362a66e}</UniqueIdentifier>
    </Filter>
    <Filter Include="头文件\源文件\05复合语句块">
      <UniqueIdentifier>{83ec4ab3-bfd7-4b57-a762-af1d7d5bbc04}</UniqueIdentifier>
    </Filter>
    <Filter Include="头文件\源文件\06选择语句">
      <UniqueIdentifier>{6637226e-56ef-4bed-8c3e-ebca9c5a0688}</UniqueIdentifier>
    </Filter>
    <Filter Include="头文件\源文件\06选择语句\01if-else语句">
      <UniqueIdentifier>{0d454e44-50fc-4544-81b7-c7e74df60037}</UniqueIdentifier>
    </Filter>
    <Filter Include="头文件\源文件\06选择语句\02__if_exists 语句">
      <UniqueIdentifier>{860c16d7-c237-469e-86dc-bbdd26173e6e}</UniqueIdentifier>
    </Filter>
    <Filter Include="头文件\源文件\06选择语句\03switch 语句行为">
      <UniqueIdentifier>{f7953ce2-d901-44b3-a58a-67a49e16e634}</UniqueIdentifier>
    </Filter>
    <Filter Include="头文件\源文件\07迭代语句">
      <UniqueIdentifier>{4ba5019e-11b4-484f-9cdd-03e1b2f52207}</UniqueIdentifier>
    </Filter>
    <Filter Include="头文件\源文件\07迭代语句\01While 语句">
      <UniqueIdentifier>{345ff8e9-c943-4168-929c-0d2889910c0d}</UniqueIdentifier>
    </Filter>
    <Filter Include="头文件\源文件\07迭代语句\02do-while语句">
      <UniqueIdentifier>{ab3166ce-aa2d-4be6-ae12-e204e5918bed}</UniqueIdentifier>
    </Filter>
    <Filter Include="头文件\源文件\07迭代语句\03for 语句">
      <UniqueIdentifier>{c2dace40-d917-4f5d-b9c9-516ea90b1c23}</UniqueIdentifier>
    </Filter>
    <Filter Include="头文件\源文件\07迭代语句\04基于范围的 for 语句">
      <UniqueIdentifier>{0ce4b25a-e0a4-4ca0-b905-41b153a07f54}</UniqueIdentifier>
    </Filter>
    <Filter Include="头文件\源文件\08跳转语句">
      <UniqueIdentifier>{1aab0c61-c0ff-45c8-ab07-1b36954cc931}</UniqueIdentifier>
    </Filter>
    <Filter Include="头文件\源文件\08跳转语句\01break 语句">
      <UniqueIdentifier>{4ed23b53-e605-44b0-b4d4-0ec1661484fc}</UniqueIdentifier>
    </Filter>
    <Filter Include="头文件\源文件\08跳转语句\03continue 语句">
      <UniqueIdentifier>{c79d3159-e7bf-40ec-a2c1-0361adaba4cf}</UniqueIdentifier>
    </Filter>
  </ItemGroup>
  <ItemGroup>
    <ClCompile Include="语句.cpp">
      <Filter>头文件\源文件\01语句</Filter>
    </ClCompile>
    <ClCompile Include="C++ 语句概述.cpp">
      <Filter>头文件\源文件\02C++ 语句概述</Filter>
    </ClCompile>
    <ClCompile Include="01标记语句.cpp">
      <Filter>头文件\源文件\03 带标签的语句</Filter>
    </ClCompile>
    <ClCompile Include="02goto 语句.cpp">
      <Filter>头文件\源文件\03 带标签的语句</Filter>
    </ClCompile>
    <ClCompile Include="03case 语句.cpp">
      <Filter>头文件\源文件\03 带标签的语句</Filter>
    </ClCompile>
    <ClCompile Include="01表达式语句.cpp">
      <Filter>头文件\源文件\04表达式语句</Filter>
    </ClCompile>
    <ClCompile Include="02Null语句.cpp">
      <Filter>头文件\源文件\04表达式语句</Filter>
    </ClCompile>
    <ClCompile Include="复合语句.cpp">
      <Filter>头文件\源文件\05复合语句块</Filter>
    </ClCompile>
    <ClCompile Include="01if-else 语句.cpp">
      <Filter>头文件\源文件\06选择语句\01if-else语句</Filter>
    </ClCompile>
    <ClCompile Include="02具有初始值设置项的 if 语句.cpp">
      <Filter>头文件\源文件\06选择语句\01if-else语句</Filter>
    </ClCompile>
    <ClCompile Include="03if constexpr 语句.cpp">
      <Filter>头文件\源文件\06选择语句\01if-else语句</Filter>
    </ClCompile>
    <ClCompile Include="__if_exists 语句.cpp">
      <Filter>头文件\源文件\06选择语句\02__if_exists 语句</Filter>
    </ClCompile>
    <ClCompile Include="__if_not_exists.cpp">
      <Filter>头文件\源文件\06选择语句\02__if_exists 语句</Filter>
    </ClCompile>
    <ClCompile Include="01switch 语句行为.cpp">
      <Filter>头文件\源文件\06选择语句\03switch 语句行为</Filter>
    </ClCompile>
    <ClCompile Include="While 语句.cpp">
      <Filter>头文件\源文件\07迭代语句\01While 语句</Filter>
    </ClCompile>
    <ClCompile Include="do-while语句.cpp">
      <Filter>头文件\源文件\07迭代语句\02do-while语句</Filter>
    </ClCompile>
    <ClCompile Include="for 语句.cpp">
      <Filter>头文件\源文件\07迭代语句\03for 语句</Filter>
    </ClCompile>
    <ClCompile Include="基于范围的 for 语句.cpp">
      <Filter>头文件\源文件\07迭代语句\04基于范围的 for 语句</Filter>
    </ClCompile>
    <ClCompile Include="break 语句.cpp">
      <Filter>头文件\源文件\08跳转语句\01break 语句</Filter>
    </ClCompile>
    <ClCompile Include="continue 语句.cpp">
      <Filter>头文件\源文件\08跳转语句\03continue 语句</Filter>
    </ClCompile>
  </ItemGroup>
</Project>