<?xml version="1.0" encoding="utf-8"?>
<Project ToolsVersion="4.0" xmlns="http://schemas.microsoft.com/developer/msbuild/2003">
  <ItemGroup>
    <Filter Include="源文件">
      <UniqueIdentifier>{4FC737F1-C7A5-4376-A066-2A32D752A2FF}</UniqueIdentifier>
      <Extensions>cpp;c;cc;cxx;c++;cppm;ixx;def;odl;idl;hpj;bat;asm;asmx</Extensions>
    </Filter>
    <Filter Include="头文件">
      <UniqueIdentifier>{93995380-89BD-4b04-88EB-625FBE52EBFB}</UniqueIdentifier>
      <Extensions>h;hh;hpp;hxx;h++;hm;inl;inc;ipp;xsd</Extensions>
    </Filter>
    <Filter Include="资源文件">
      <UniqueIdentifier>{67DA6AB6-F800-4c08-8B7A-83BB121AAD01}</UniqueIdentifier>
      <Extensions>rc;ico;cur;bmp;dlg;rc2;rct;bin;rgs;gif;jpg;jpeg;jpe;resx;tiff;tif;png;wav;mfcribbon-ms</Extensions>
    </Filter>
    <Filter Include="源文件\01声明和定义">
      <UniqueIdentifier>{a3efee85-98f3-43c6-84ba-fe6e6689fff7}</UniqueIdentifier>
    </Filter>
    <Filter Include="源文件\02存储类">
      <UniqueIdentifier>{f019b003-4716-49c7-94be-c39ef9a7700f}</UniqueIdentifier>
    </Filter>
    <Filter Include="源文件\03auto">
      <UniqueIdentifier>{01f2f2a6-0c1f-4dd2-93fd-d5e663a945ea}</UniqueIdentifier>
    </Filter>
    <Filter Include="源文件\04const">
      <UniqueIdentifier>{dbe1ab63-e1b7-4b0a-9408-2cc0e2a73115}</UniqueIdentifier>
    </Filter>
    <Filter Include="源文件\05constexpr">
      <UniqueIdentifier>{356043ca-d1d9-4ef4-a8be-3bc54af8c56e}</UniqueIdentifier>
    </Filter>
    <Filter Include="源文件\06extern">
      <UniqueIdentifier>{f97091a1-d72e-4aed-8fed-cf4b2b18bbd5}</UniqueIdentifier>
    </Filter>
    <Filter Include="源文件\07初始值设定项">
      <UniqueIdentifier>{f0233069-7bf8-4bc0-8048-22f1ae0eac33}</UniqueIdentifier>
    </Filter>
    <Filter Include="源文件\08别名和 typedef">
      <UniqueIdentifier>{d423ee8b-0073-4840-8598-134ac9f84cee}</UniqueIdentifier>
    </Filter>
    <Filter Include="源文件\08别名和 typedef\typedef 的重新声明">
      <UniqueIdentifier>{524ef974-782d-4008-bc79-0385b8f87f4a}</UniqueIdentifier>
    </Filter>
    <Filter Include="源文件\09using 声明">
      <UniqueIdentifier>{8d032011-d2ef-4555-bd68-918b35b30b73}</UniqueIdentifier>
    </Filter>
  </ItemGroup>
  <ItemGroup>
    <ClCompile Include="声明和定义.cpp">
      <Filter>源文件\01声明和定义</Filter>
    </ClCompile>
    <ClCompile Include="static1.cpp">
      <Filter>源文件\02存储类</Filter>
    </ClCompile>
    <ClCompile Include="static2.cpp">
      <Filter>源文件\02存储类</Filter>
    </ClCompile>
    <ClCompile Include="static3.cpp">
      <Filter>源文件\02存储类</Filter>
    </ClCompile>
    <ClCompile Include="自动初始化与静态初始化.cpp">
      <Filter>源文件\02存储类</Filter>
    </ClCompile>
    <ClCompile Include="auto.cpp">
      <Filter>源文件\03auto</Filter>
    </ClCompile>
    <ClCompile Include="const.cpp">
      <Filter>源文件\04const</Filter>
    </ClCompile>
    <ClCompile Include="constexpr .cpp">
      <Filter>源文件\05constexpr</Filter>
    </ClCompile>
    <ClCompile Include="extern.cpp">
      <Filter>源文件\06extern</Filter>
    </ClCompile>
    <ClCompile Include="fileA.cpp">
      <Filter>源文件\06extern</Filter>
    </ClCompile>
    <ClCompile Include="fileB.cpp">
      <Filter>源文件\06extern</Filter>
    </ClCompile>
    <ClCompile Include="fileC.cpp">
      <Filter>源文件\06extern</Filter>
    </ClCompile>
    <ClCompile Include="fileD.cpp">
      <Filter>源文件\06extern</Filter>
    </ClCompile>
    <ClCompile Include="初始值设定项.cpp">
      <Filter>源文件\07初始值设定项</Filter>
    </ClCompile>
    <ClCompile Include="typedef.cpp">
      <Filter>源文件\08别名和 typedef</Filter>
    </ClCompile>
    <ClCompile Include="PROG.cpp">
      <Filter>源文件\08别名和 typedef\typedef 的重新声明</Filter>
    </ClCompile>
    <ClCompile Include="别名.cpp">
      <Filter>源文件\08别名和 typedef</Filter>
    </ClCompile>
    <ClCompile Include="using 声明.cpp">
      <Filter>源文件\09using 声明</Filter>
    </ClCompile>
    <ClCompile Include="using 声明成员的声明.cpp">
      <Filter>源文件\09using 声明</Filter>
    </ClCompile>
    <ClCompile Include="using 具有显式限定的声明.cpp">
      <Filter>源文件\09using 声明</Filter>
    </ClCompile>
    <ClCompile Include="using ：声明同义词和别名.cpp">
      <Filter>源文件\09using 声明</Filter>
    </ClCompile>
    <ClCompile Include="本地函数声明 using 和声明.cpp">
      <Filter>源文件\09using 声明</Filter>
    </ClCompile>
    <ClCompile Include="using 声明和继承.cpp">
      <Filter>源文件\09using 声明</Filter>
    </ClCompile>
    <ClCompile Include="using 声明可访问性.cpp">
      <Filter>源文件\09using 声明</Filter>
    </ClCompile>
  </ItemGroup>
  <ItemGroup>
    <ClInclude Include="FILE1.h">
      <Filter>源文件\08别名和 typedef\typedef 的重新声明</Filter>
    </ClInclude>
    <ClInclude Include="FILE2.h">
      <Filter>源文件\08别名和 typedef\typedef 的重新声明</Filter>
    </ClInclude>
  </ItemGroup>
</Project>