<?xml version="1.0" encoding="utf-8"?>
<Project ToolsVersion="4.0" xmlns="http://schemas.microsoft.com/developer/msbuild/2003">
  <ItemGroup>
    <Filter Include="源文件">
      <UniqueIdentifier>{4FC737F1-C7A5-4376-A066-2A32D752A2FF}</UniqueIdentifier>
      <Extensions>cpp;c;cc;cxx;c++;cppm;ixx;def;odl;idl;hpj;bat;asm;asmx</Extensions>
    </Filter>
    <Filter Include="头文件">
      <UniqueIdentifier>{93995380-89BD-4b04-88EB-625FBE52EBFB}</UniqueIdentifier>
      <Extensions>h;hh;hpp;hxx;h++;hm;inl;inc;ipp;xsd</Extensions>
    </Filter>
    <Filter Include="资源文件">
      <UniqueIdentifier>{67DA6AB6-F800-4c08-8B7A-83BB121AAD01}</UniqueIdentifier>
      <Extensions>rc;ico;cur;bmp;dlg;rc2;rct;bin;rgs;gif;jpg;jpeg;jpe;resx;tiff;tif;png;wav;mfcribbon-ms</Extensions>
    </Filter>
    <Filter Include="源文件\01C++ 中的 Lambda 表达式">
      <UniqueIdentifier>{48eadfdf-3824-44d1-8ea2-c3b655ea5d00}</UniqueIdentifier>
    </Filter>
    <Filter Include="源文件\02Lambda 表达式语法">
      <UniqueIdentifier>{2723d980-c9ea-4660-8892-b88e6223bae6}</UniqueIdentifier>
    </Filter>
    <Filter Include="源文件\03Lambda 表达式的示例">
      <UniqueIdentifier>{7ea39c8e-a035-4322-a719-263adcd70696}</UniqueIdentifier>
    </Filter>
  </ItemGroup>
  <ItemGroup>
    <ClCompile Include="01C++ 中的 Lambda 表达式.cpp">
      <Filter>源文件\01C++ 中的 Lambda 表达式</Filter>
    </ClCompile>
    <ClCompile Include="02Capture 子句.cpp">
      <Filter>源文件\01C++ 中的 Lambda 表达式</Filter>
    </ClCompile>
    <ClCompile Include="03Lambda 体.cpp">
      <Filter>源文件\01C++ 中的 Lambda 表达式</Filter>
    </ClCompile>
    <ClCompile Include="04constexpr lambda 表达式.cpp">
      <Filter>源文件\01C++ 中的 Lambda 表达式</Filter>
    </ClCompile>
    <ClCompile Include="01Lambda 表达式语法.cpp">
      <Filter>源文件\02Lambda 表达式语法</Filter>
    </ClCompile>
    <ClCompile Include="02使用函数对象.cpp">
      <Filter>源文件\02Lambda 表达式语法</Filter>
    </ClCompile>
    <ClCompile Include="01声明 Lambda 表达示例.cpp">
      <Filter>源文件\03Lambda 表达式的示例</Filter>
    </ClCompile>
    <ClCompile Include="02调用 Lambda 表达式.cpp">
      <Filter>源文件\03Lambda 表达式的示例</Filter>
    </ClCompile>
    <ClCompile Include="03高阶Lambda 函数.cpp">
      <Filter>源文件\03Lambda 表达式的示例</Filter>
    </ClCompile>
    <ClCompile Include="04在函数中使用 Lambda 表达式.cpp">
      <Filter>源文件\03Lambda 表达式的示例</Filter>
    </ClCompile>
    <ClCompile Include="05Lambda 表达式与模板一同使用.cpp">
      <Filter>源文件\03Lambda 表达式的示例</Filter>
    </ClCompile>
    <ClCompile Include="06处理异常.cpp">
      <Filter>源文件\03Lambda 表达式的示例</Filter>
    </ClCompile>
  </ItemGroup>
</Project>