<?xml version="1.0" encoding="utf-8"?>
<Project ToolsVersion="4.0" xmlns="http://schemas.microsoft.com/developer/msbuild/2003">
  <ItemGroup>
    <Filter Include="源文件">
      <UniqueIdentifier>{4FC737F1-C7A5-4376-A066-2A32D752A2FF}</UniqueIdentifier>
      <Extensions>cpp;c;cc;cxx;c++;cppm;ixx;def;odl;idl;hpj;bat;asm;asmx</Extensions>
    </Filter>
    <Filter Include="头文件">
      <UniqueIdentifier>{93995380-89BD-4b04-88EB-625FBE52EBFB}</UniqueIdentifier>
      <Extensions>h;hh;hpp;hxx;h++;hm;inl;inc;ipp;xsd</Extensions>
    </Filter>
    <Filter Include="资源文件">
      <UniqueIdentifier>{67DA6AB6-F800-4c08-8B7A-83BB121AAD01}</UniqueIdentifier>
      <Extensions>rc;ico;cur;bmp;dlg;rc2;rct;bin;rgs;gif;jpg;jpeg;jpe;resx;tiff;tif;png;wav;mfcribbon-ms</Extensions>
    </Filter>
    <Filter Include="源文件\01原始指针">
      <UniqueIdentifier>{1f3f2f96-2be5-4e87-8fcd-e61eeb9b690c}</UniqueIdentifier>
    </Filter>
    <Filter Include="源文件\02固定和可变指针">
      <UniqueIdentifier>{77927c2e-bfd6-4c40-aaad-de211965294e}</UniqueIdentifier>
    </Filter>
    <Filter Include="源文件\03new 和 delete 运算符">
      <UniqueIdentifier>{0e990383-5466-4fb6-b2fd-c4c2ef468ab9}</UniqueIdentifier>
    </Filter>
    <Filter Include="源文件\04智能指针的使用">
      <UniqueIdentifier>{0c66d101-0f01-4ec4-a83d-31b87e56b4d7}</UniqueIdentifier>
    </Filter>
    <Filter Include="源文件\05如何：创建和使用 unique_ptr 实例">
      <UniqueIdentifier>{60b9df6f-9315-4ebb-8d71-388b57f92fea}</UniqueIdentifier>
    </Filter>
    <Filter Include="源文件\06如何：创建和使用 shared_ptr 实例">
      <UniqueIdentifier>{e0977c04-8c36-466e-a764-edf59389e3e2}</UniqueIdentifier>
    </Filter>
    <Filter Include="源文件\07如何：创建和使用 weak_ptr 实例">
      <UniqueIdentifier>{cb010da3-c1fd-47dd-85aa-5a0666c14a75}</UniqueIdentifier>
    </Filter>
    <Filter Include="源文件\08如何：创建和使用 CComPtr 和 CComQIPtr 实例">
      <UniqueIdentifier>{ceb1beb0-6eea-42b1-ab60-8d18549b5ec2}</UniqueIdentifier>
    </Filter>
  </ItemGroup>
  <ItemGroup>
    <ClCompile Include="01原始指针.cpp">
      <Filter>源文件\01原始指针</Filter>
    </ClCompile>
    <ClCompile Include="02初始化和成员访问.cpp">
      <Filter>源文件\01原始指针</Filter>
    </ClCompile>
    <ClCompile Include="03指针算法和数组.cpp">
      <Filter>源文件\01原始指针</Filter>
    </ClCompile>
    <ClCompile Include="04void指针.cpp">
      <Filter>源文件\01原始指针</Filter>
    </ClCompile>
    <ClCompile Include="05指向函数的指针.cpp">
      <Filter>源文件\01原始指针</Filter>
    </ClCompile>
    <ClCompile Include="固定和可变指针.cpp">
      <Filter>源文件\02固定和可变指针</Filter>
    </ClCompile>
    <ClCompile Include="01new运算符.cpp">
      <Filter>源文件\03new 和 delete 运算符</Filter>
    </ClCompile>
    <ClCompile Include="02delete运算符.cpp">
      <Filter>源文件\03new 和 delete 运算符</Filter>
    </ClCompile>
    <ClCompile Include="智能指针的使用.cpp">
      <Filter>源文件\04智能指针的使用</Filter>
    </ClCompile>
    <ClCompile Include="如何创建和使用unique_ptr实例.cpp">
      <Filter>源文件\05如何：创建和使用 unique_ptr 实例</Filter>
    </ClCompile>
    <ClCompile Include="如何创建和使用shared_ptr实例.cpp">
      <Filter>源文件\06如何：创建和使用 shared_ptr 实例</Filter>
    </ClCompile>
    <ClCompile Include="如何创建和使用weak_ptr实例.cpp">
      <Filter>源文件\07如何：创建和使用 weak_ptr 实例</Filter>
    </ClCompile>
    <ClCompile Include="如何创建和使用 CComPtr 和 CComQIPtr 实例.cpp">
      <Filter>源文件\08如何：创建和使用 CComPtr 和 CComQIPtr 实例</Filter>
    </ClCompile>
  </ItemGroup>
</Project>