<?xml version="1.0" encoding="utf-8"?>
<Project ToolsVersion="4.0" xmlns="http://schemas.microsoft.com/developer/msbuild/2003">
  <ItemGroup>
    <Filter Include="源文件">
      <UniqueIdentifier>{4FC737F1-C7A5-4376-A066-2A32D752A2FF}</UniqueIdentifier>
      <Extensions>cpp;c;cc;cxx;c++;cppm;ixx;def;odl;idl;hpj;bat;asm;asmx</Extensions>
    </Filter>
    <Filter Include="头文件">
      <UniqueIdentifier>{93995380-89BD-4b04-88EB-625FBE52EBFB}</UniqueIdentifier>
      <Extensions>h;hh;hpp;hxx;h++;hm;inl;inc;ipp;xsd</Extensions>
    </Filter>
    <Filter Include="资源文件">
      <UniqueIdentifier>{67DA6AB6-F800-4c08-8B7A-83BB121AAD01}</UniqueIdentifier>
      <Extensions>rc;ico;cur;bmp;dlg;rc2;rct;bin;rgs;gif;jpg;jpeg;jpe;resx;tiff;tif;png;wav;mfcribbon-ms</Extensions>
    </Filter>
    <Filter Include="源文件\01函数">
      <UniqueIdentifier>{e0decca5-b82b-4d95-988a-f22d30a9bd7c}</UniqueIdentifier>
    </Filter>
    <Filter Include="源文件\02包含变量自变量列表的函数">
      <UniqueIdentifier>{708b815c-cde2-411a-9602-eba64ed56e43}</UniqueIdentifier>
    </Filter>
    <Filter Include="源文件\03函数重载">
      <UniqueIdentifier>{08980641-c794-47eb-ba41-1ad045c94c92}</UniqueIdentifier>
    </Filter>
    <Filter Include="源文件\04显式默认设置的函数和已删除的函数">
      <UniqueIdentifier>{f3c85ed9-5b1e-4287-a5bd-df1dfde72d4c}</UniqueIdentifier>
    </Filter>
    <Filter Include="源文件\05针对函数的依赖于自变量的名称 %28Koenig%29 查找">
      <UniqueIdentifier>{648b7b1a-4540-4631-9ddd-1ded13a84438}</UniqueIdentifier>
    </Filter>
    <Filter Include="源文件\06默认自变量">
      <UniqueIdentifier>{9addafd0-5268-4dbd-8ab1-4b468dd4119e}</UniqueIdentifier>
    </Filter>
    <Filter Include="源文件\07内联函数">
      <UniqueIdentifier>{32638fe3-b821-4478-90bf-797e544d9d06}</UniqueIdentifier>
    </Filter>
  </ItemGroup>
  <ItemGroup>
    <ClCompile Include="01函数.cpp">
      <Filter>源文件\01函数</Filter>
    </ClCompile>
    <ClCompile Include="02函数声明的各个部分.cpp">
      <Filter>源文件\01函数</Filter>
    </ClCompile>
    <ClCompile Include="03函数定义.cpp">
      <Filter>源文件\01函数</Filter>
    </ClCompile>
    <ClCompile Include="04函数模板.cpp">
      <Filter>源文件\01函数</Filter>
    </ClCompile>
    <ClCompile Include="05函数形参和实参.cpp">
      <Filter>源文件\01函数</Filter>
    </ClCompile>
    <ClCompile Include="06默认自变量.cpp">
      <Filter>源文件\01函数</Filter>
    </ClCompile>
    <ClCompile Include="07结尾返回类型.cpp">
      <Filter>源文件\01函数</Filter>
    </ClCompile>
    <ClCompile Include="08的返回类型中的类型推导.cpp">
      <Filter>源文件\01函数</Filter>
    </ClCompile>
    <ClCompile Include="09从函数返回多个值.cpp">
      <Filter>源文件\01函数</Filter>
    </ClCompile>
    <ClCompile Include="包含变量自变量列表的函数.cpp">
      <Filter>源文件\02包含变量自变量列表的函数</Filter>
    </ClCompile>
    <ClCompile Include="01函数重载.cpp">
      <Filter>源文件\03函数重载</Filter>
    </ClCompile>
    <ClCompile Include="02参数类型差异.cpp">
      <Filter>源文件\03函数重载</Filter>
    </ClCompile>
    <ClCompile Include="03成员函数的 Ref 限定符.cpp">
      <Filter>源文件\03函数重载</Filter>
    </ClCompile>
    <ClCompile Include="04重载限制.cpp">
      <Filter>源文件\03函数重载</Filter>
    </ClCompile>
    <ClCompile Include="05重载、重写和隐藏.cpp">
      <Filter>源文件\03函数重载</Filter>
    </ClCompile>
    <ClCompile Include="01显式默认设置的函数和已删除的函数.cpp">
      <Filter>源文件\04显式默认设置的函数和已删除的函数</Filter>
    </ClCompile>
    <ClCompile Include="针对函数的依赖于自变量的名称 (Koenig) 查找.cpp">
      <Filter>源文件\05针对函数的依赖于自变量的名称 %28Koenig%29 查找</Filter>
    </ClCompile>
    <ClCompile Include="01默认自变量.cpp">
      <Filter>源文件\06默认自变量</Filter>
    </ClCompile>
    <ClCompile Include="01内联函数 .cpp">
      <Filter>源文件\07内联函数</Filter>
    </ClCompile>
    <ClCompile Include="02何时使用内联函数.cpp">
      <Filter>源文件\07内联函数</Filter>
    </ClCompile>
  </ItemGroup>
</Project>